{
  "name": "daftar-nama-nama-situs-judi-slot-online-terpercaya-2022-online24jam-terbaru",
  "version": "1.6.0",
  "lockfileVersion": 2,
  "requires": true,
  "packages": {
    "": {
      "name": "daftar-nama-nama-situs-judi-slot-online-terpercaya-2022-online24jam-terbaru",
      "version": "1.2.1",
      "license": "MIT",
      "engines": {
        "atom": ">=1.0.0 <2.0.0"
      }
    }
  }
}
